
Microsoft Visual Studio Solution File, Format Version 12.00
# Visual Studio 14
VisualStudioVersion = 14.0.25123.0
MinimumVisualStudioVersion = 10.0.40219.1
Project("{FAE04EC0-301F-11D3-BF4B-00C04F79EFBC}") = "Macierz", "Macierz\Macierz.csproj", "{B3D2D21F-7369-4B99-A7E0-A947C80008F5}"
EndProject
Project("{FAE04EC0-301F-11D3-BF4B-00C04F79EFBC}") = "MatrixOperations", "MatrixOperations\MatrixOperations.csproj", "{CB774866-2DD9-49D5-A930-9A16F589B180}"
EndProject
Global
	GlobalSection(SolutionConfigurationPlatforms) = preSolution
		Debug|Any CPU = Debug|Any CPU
		Release|Any CPU = Release|Any CPU
	EndGlobalSection
	GlobalSection(ProjectConfigurationPlatforms) = postSolution
		{B3D2D21F-7369-4B99-A7E0-A947C80008F5}.Debug|Any CPU.ActiveCfg = Debug|Any CPU
		{B3D2D21F-7369-4B99-A7E0-A947C80008F5}.Debug|Any CPU.Build.0 = Debug|Any CPU
		{B3D2D21F-7369-4B99-A7E0-A947C80008F5}.Release|Any CPU.ActiveCfg = Release|Any CPU
		{B3D2D21F-7369-4B99-A7E0-A947C80008F5}.Release|Any CPU.Build.0 = Release|Any CPU
		{CB774866-2DD9-49D5-A930-9A16F589B180}.Debug|Any CPU.ActiveCfg = Debug|Any CPU
		{CB774866-2DD9-49D5-A930-9A16F589B180}.Debug|Any CPU.Build.0 = Debug|Any CPU
		{CB774866-2DD9-49D5-A930-9A16F589B180}.Release|Any CPU.ActiveCfg = Release|Any CPU
		{CB774866-2DD9-49D5-A930-9A16F589B180}.Release|Any CPU.Build.0 = Release|Any CPU
	EndGlobalSection
	GlobalSection(SolutionProperties) = preSolution
		HideSolutionNode = FALSE
	EndGlobalSection
EndGlobal
